// !$*UTF8*$!
{
	archiveVersion = 1;
	classes = {
	};
	objectVersion = 50;
	objects = {

/* Begin PBXBuildFile section */
		0FF6992A9850D3F82769D315 /* Pods_RxSwift_sessions_intro.framework in Frameworks */ = {isa = PBXBuildFile; fileRef = 9EEF233DBDB5CA69DB4D1734 /* Pods_RxSwift_sessions_intro.framework */; };
		8107325E21B4858E00330F9A /* AppDelegate.swift in Sources */ = {isa = PBXBuildFile; fileRef = 8107325D21B4858E00330F9A /* AppDelegate.swift */; };
		8107326021B4858E00330F9A /* ViewController.swift in Sources */ = {isa = PBXBuildFile; fileRef = 8107325F21B4858E00330F9A /* ViewController.swift */; };
		8107326321B4858E00330F9A /* Main.storyboard in Resources */ = {isa = PBXBuildFile; fileRef = 8107326121B4858E00330F9A /* Main.storyboard */; };
		8107326521B4859000330F9A /* Assets.xcassets in Resources */ = {isa = PBXBuildFile; fileRef = 8107326421B4859000330F9A /* Assets.xcassets */; };
		8107326821B4859000330F9A /* LaunchScreen.storyboard in Resources */ = {isa = PBXBuildFile; fileRef = 8107326621B4859000330F9A /* LaunchScreen.storyboard */; };
/* End PBXBuildFile section */

/* Begin PBXFileReference section */
		8107325A21B4858E00330F9A /* RxSwift_sessions_intro.app */ = {isa = PBXFileReference; explicitFileType = wrapper.application; includeInIndex = 0; path = RxSwift_sessions_intro.app; sourceTree = BUILT_PRODUCTS_DIR; };
		8107325D21B4858E00330F9A /* AppDelegate.swift */ = {isa = PBXFileReference; lastKnownFileType = sourcecode.swift; path = AppDelegate.swift; sourceTree = "<group>"; };
		8107325F21B4858E00330F9A /* ViewController.swift */ = {isa = PBXFileReference; lastKnownFileType = sourcecode.swift; path = ViewController.swift; sourceTree = "<group>"; };
		8107326221B4858E00330F9A /* Base */ = {isa = PBXFileReference; lastKnownFileType = file.storyboard; name = Base; path = Base.lproj/Main.storyboard; sourceTree = "<group>"; };
		8107326421B4859000330F9A /* Assets.xcassets */ = {isa = PBXFileReference; lastKnownFileType = folder.assetcatalog; path = Assets.xcassets; sourceTree = "<group>"; };
		8107326721B4859000330F9A /* Base */ = {isa = PBXFileReference; lastKnownFileType = file.storyboard; name = Base; path = Base.lproj/LaunchScreen.storyboard; sourceTree = "<group>"; };
		8107326921B4859000330F9A /* Info.plist */ = {isa = PBXFileReference; lastKnownFileType = text.plist.xml; path = Info.plist; sourceTree = "<group>"; };
		986C822130C92387D1A7D0F2 /* Pods-RxSwift_sessions_intro.debug.xcconfig */ = {isa = PBXFileReference; includeInIndex = 1; lastKnownFileType = text.xcconfig; name = "Pods-RxSwift_sessions_intro.debug.xcconfig"; path = "Target Support Files/Pods-RxSwift_sessions_intro/Pods-RxSwift_sessions_intro.debug.xcconfig"; sourceTree = "<group>"; };
		9EEF233DBDB5CA69DB4D1734 /* Pods_RxSwift_sessions_intro.framework */ = {isa = PBXFileReference; explicitFileType = wrapper.framework; includeInIndex = 0; path = Pods_RxSwift_sessions_intro.framework; sourceTree = BUILT_PRODUCTS_DIR; };
		B3EC67D30F94054B5E1A4559 /* Pods-RxSwift_sessions_intro.release.xcconfig */ = {isa = PBXFileReference; includeInIndex = 1; lastKnownFileType = text.xcconfig; name = "Pods-RxSwift_sessions_intro.release.xcconfig"; path = "Target Support Files/Pods-RxSwift_sessions_intro/Pods-RxSwift_sessions_intro.release.xcconfig"; sourceTree = "<group>"; };
/* End PBXFileReference section */

/* Begin PBXFrameworksBuildPhase section */
		8107325721B4858E00330F9A /* Frameworks */ = {
			isa = PBXFrameworksBuildPhase;
			buildActionMask = 2147483647;
			files = (
				0FF6992A9850D3F82769D315 /* Pods_RxSwift_sessions_intro.framework in Frameworks */,
			);
			runOnlyForDeploymentPostprocessing = 0;
		};
/* End PBXFrameworksBuildPhase section */

/* Begin PBXGroup section */
		3DC0BAD5513A8AC640119124 /* Frameworks */ = {
			isa = PBXGroup;
			children = (
				9EEF233DBDB5CA69DB4D1734 /* Pods_RxSwift_sessions_intro.framework */,
			);
			name = Frameworks;
			sourceTree = "<group>";
		};
		8107325121B4858E00330F9A = {
			isa = PBXGroup;
			children = (
				8107325C21B4858E00330F9A /* RxSwift_sessions_intro */,
				8107325B21B4858E00330F9A /* Products */,
				C51CE397BFC137000BFE56D5 /* Pods */,
				3DC0BAD5513A8AC640119124 /* Frameworks */,
			);
			sourceTree = "<group>";
		};
		8107325B21B4858E00330F9A /* Products */ = {
			isa = PBXGroup;
			children = (
				8107325A21B4858E00330F9A /* RxSwift_sessions_intro.app */,
			);
			name = Products;
			sourceTree = "<group>";
		};
		8107325C21B4858E00330F9A /* RxSwift_sessions_intro */ = {
			isa = PBXGroup;
			children = (
				8107325D21B4858E00330F9A /* AppDelegate.swift */,
				8107325F21B4858E00330F9A /* ViewController.swift */,
				8107326121B4858E00330F9A /* Main.storyboard */,
				8107326421B4859000330F9A /* Assets.xcassets */,
				8107326621B4859000330F9A /* LaunchScreen.storyboard */,
				8107326921B4859000330F9A /* Info.plist */,
			);
			path = RxSwift_sessions_intro;
			sourceTree = "<group>";
		};
		C51CE397BFC137000BFE56D5 /* Pods */ = {
			isa = PBXGroup;
			children = (
				986C822130C92387D1A7D0F2 /* Pods-RxSwift_sessions_intro.debug.xcconfig */,
				B3EC67D30F94054B5E1A4559 /* Pods-RxSwift_sessions_intro.release.xcconfig */,
			);
			path = Pods;
			sourceTree = "<group>";
		};
/* End PBXGroup section */

/* Begin PBXNativeTarget section */
		8107325921B4858E00330F9A /* RxSwift_sessions_intro */ = {
			isa = PBXNativeTarget;
			buildConfigurationList = 8107326C21B4859000330F9A /* Build configuration list for PBXNativeTarget "RxSwift_sessions_intro" */;
			buildPhases = (
				710A9786C475D542C6D6D3CC /* [CP] Check Pods Manifest.lock */,
				8107325621B4858E00330F9A /* Sources */,
				8107325721B4858E00330F9A /* Frameworks */,
				8107325821B4858E00330F9A /* Resources */,
				5DE5B3AD90C4AB35BE2AB493 /* [CP] Embed Pods Frameworks */,
			);
			buildRules = (
			);
			dependencies = (
			);
			name = RxSwift_sessions_intro;
			productName = RxSwift_sessions_intro;
			productReference = 8107325A21B4858E00330F9A /* RxSwift_sessions_intro.app */;
			productType = "com.apple.product-type.application";
		};
/* End PBXNativeTarget section */

/* Begin PBXProject section */
		8107325221B4858E00330F9A /* Project object */ = {
			isa = PBXProject;
			attributes = {
				LastSwiftUpdateCheck = 1010;
				LastUpgradeCheck = 1010;
				ORGANIZATIONNAME = davidaldorf;
				TargetAttributes = {
					8107325921B4858E00330F9A = {
						CreatedOnToolsVersion = 10.1;
					};
				};
			};
			buildConfigurationList = 8107325521B4858E00330F9A /* Build configuration list for PBXProject "RxSwift_sessions_intro" */;
			compatibilityVersion = "Xcode 9.3";
			developmentRegion = en;
			hasScannedForEncodings = 0;
			knownRegions = (
				en,
				Base,
			);
			mainGroup = 8107325121B4858E00330F9A;
			productRefGroup = 8107325B21B4858E00330F9A /* Products */;
			projectDirPath = "";
			projectRoot = "";
			targets = (
				8107325921B4858E00330F9A /* RxSwift_sessions_intro */,
			);
		};
/* End PBXProject section */

/* Begin PBXResourcesBuildPhase section */
		8107325821B4858E00330F9A /* Resources */ = {
			isa = PBXResourcesBuildPhase;
			buildActionMask = 2147483647;
			files = (
				8107326821B4859000330F9A /* LaunchScreen.storyboard in Resources */,
				8107326521B4859000330F9A /* Assets.xcassets in Resources */,
				8107326321B4858E00330F9A /* Main.storyboard in Resources */,
			);
			runOnlyForDeploymentPostprocessing = 0;
		};
/* End PBXResourcesBuildPhase section */

/* Begin PBXShellScriptBuildPhase section */
		5DE5B3AD90C4AB35BE2AB493 /* [CP] Embed Pods Frameworks */ = {
			isa = PBXShellScriptBuildPhase;
			buildActionMask = 2147483647;
			files = (
			);
			inputFileListPaths = (
			);
			inputPaths = (
				"${PODS_ROOT}/Target Support Files/Pods-RxSwift_sessions_intro/Pods-RxSwift_sessions_intro-frameworks.sh",
				"${BUILT_PRODUCTS_DIR}/RxAtomic/RxAtomic.framework",
				"${BUILT_PRODUCTS_DIR}/RxSwift/RxSwift.framework",
			);
			name = "[CP] Embed Pods Frameworks";
			outputFileListPaths = (
			);
			outputPaths = (
				"${TARGET_BUILD_DIR}/${FRAMEWORKS_FOLDER_PATH}/RxAtomic.framework",
				"${TARGET_BUILD_DIR}/${FRAMEWORKS_FOLDER_PATH}/RxSwift.framework",
			);
			runOnlyForDeploymentPostprocessing = 0;
			shellPath = /bin/sh;
			shellScript = "\"${PODS_ROOT}/Target Support Files/Pods-RxSwift_sessions_intro/Pods-RxSwift_sessions_intro-frameworks.sh\"\n";
			showEnvVarsInLog = 0;
		};
		710A9786C475D542C6D6D3CC /* [CP] Check Pods Manifest.lock */ = {
			isa = PBXShellScriptBuildPhase;
			buildActionMask = 2147483647;
			files = (
			);
			inputFileListPaths = (
			);
			inputPaths = (
				"${PODS_PODFILE_DIR_PATH}/Podfile.lock",
				"${PODS_ROOT}/Manifest.lock",
			);
			name = "[CP] Check Pods Manifest.lock";
			outputFileListPaths = (
			);
			outputPaths = (
				"$(DERIVED_FILE_DIR)/Pods-RxSwift_sessions_intro-checkManifestLockResult.txt",
			);
			runOnlyForDeploymentPostprocessing = 0;
			shellPath = /bin/sh;
			shellScript = "diff \"${PODS_PODFILE_DIR_PATH}/Podfile.lock\" \"${PODS_ROOT}/Manifest.lock\" > /dev/null\nif [ $? != 0 ] ; then\n    # print error to STDERR\n    echo \"error: The sandbox is not in sync with the Podfile.lock. Run 'pod install' or update your CocoaPods installation.\" >&2\n    exit 1\nfi\n# This output is used by Xcode 'outputs' to avoid re-running this script phase.\necho \"SUCCESS\" > \"${SCRIPT_OUTPUT_FILE_0}\"\n";
			showEnvVarsInLog = 0;
		};
/* End PBXShellScriptBuildPhase section */

/* Begin PBXSourcesBuildPhase section */
		8107325621B4858E00330F9A /* Sources */ = {
			isa = PBXSourcesBuildPhase;
			buildActionMask = 2147483647;
			files = (
				8107326021B4858E00330F9A /* ViewController.swift in Sources */,
				8107325E21B4858E00330F9A /* AppDelegate.swift in Sources */,
			);
			runOnlyForDeploymentPostprocessing = 0;
		};
/* End PBXSourcesBuildPhase section */

/* Begin PBXVariantGroup section */
		8107326121B4858E00330F9A /* Main.storyboard */ = {
			isa = PBXVariantGroup;
			children = (
				8107326221B4858E00330F9A /* Base */,
			);
			name = Main.storyboard;
			sourceTree = "<group>";
		};
		8107326621B4859000330F9A /* LaunchScreen.storyboard */ = {
			isa = PBXVariantGroup;
			children = (
				8107326721B4859000330F9A /* Base */,
			);
			name = LaunchScreen.storyboard;
			sourceTree = "<group>";
		};
/* End PBXVariantGroup section */

/* Begin XCBuildConfiguration section */
		8107326A21B4859000330F9A /* Debug */ = {
			isa = XCBuildConfiguration;
			buildSettings = {
				ALWAYS_SEARCH_USER_PATHS = NO;
				CLANG_ANALYZER_NONNULL = YES;
				CLANG_ANALYZER_NUMBER_OBJECT_CONVERSION = YES_AGGRESSIVE;
				CLANG_CXX_LANGUAGE_STANDARD = "gnu++14";
				CLANG_CXX_LIBRARY = "libc++";
				CLANG_ENABLE_MODULES = YES;
				CLANG_ENABLE_OBJC_ARC = YES;
				CLANG_ENABLE_OBJC_WEAK = YES;
				CLANG_WARN_BLOCK_CAPTURE_AUTORELEASING = YES;
				CLANG_WARN_BOOL_CONVERSION = YES;
				CLANG_WARN_COMMA = YES;
				CLANG_WARN_CONSTANT_CONVERSION = YES;
				CLANG_WARN_DEPRECATED_OBJC_IMPLEMENTATIONS = YES;
				CLANG_WARN_DIRECT_OBJC_ISA_USAGE = YES_ERROR;
				CLANG_WARN_DOCUMENTATION_COMMENTS = YES;
				CLANG_WARN_EMPTY_BODY = YES;
				CLANG_WARN_ENUM_CONVERSION = YES;
				CLANG_WARN_INFINITE_RECURSION = YES;
				CLANG_WARN_INT_CONVERSION = YES;
				CLANG_WARN_NON_LITERAL_NULL_CONVERSION = YES;
				CLANG_WARN_OBJC_IMPLICIT_RETAIN_SELF = YES;
				CLANG_WARN_OBJC_LITERAL_CONVERSION = YES;
				CLANG_WARN_OBJC_ROOT_CLASS = YES_ERROR;
				CLANG_WARN_RANGE_LOOP_ANALYSIS = YES;
				CLANG_WARN_STRICT_PROTOTYPES = YES;
				CLANG_WARN_SUSPICIOUS_MOVE = YES;
				CLANG_WARN_UNGUARDED_AVAILABILITY = YES_AGGRESSIVE;
				CLANG_WARN_UNREACHABLE_CODE = YES;
				CLANG_WARN__DUPLICATE_METHOD_MATCH = YES;
				CODE_SIGN_IDENTITY = "iPhone Developer";
				COPY_PHASE_STRIP = NO;
				DEBUG_INFORMATION_FORMAT = dwarf;
				ENABLE_STRICT_OBJC_MSGSEND = YES;
				ENABLE_TESTABILITY = YES;
				GCC_C_LANGUAGE_STANDARD = gnu11;
				GCC_DYNAMIC_NO_PIC = NO;
				GCC_NO_COMMON_BLOCKS = YES;
				GCC_OPTIMIZATION_LEVEL = 0;
				GCC_PREPROCESSOR_DEFINITIONS = (
					"DEBUG=1",
					"$(inherited)",
				);
				GCC_WARN_64_TO_32_BIT_CONVERSION = YES;
				GCC_WARN_ABOUT_RETURN_TYPE = YES_ERROR;
				GCC_WARN_UNDECLARED_SELECTOR = YES;
				GCC_WARN_UNINITIALIZED_AUTOS = YES_AGGRESSIVE;
				GCC_WARN_UNUSED_FUNCTION = YES;
				GCC_WARN_UNUSED_VARIABLE = YES;
				IPHONEOS_DEPLOYMENT_TARGET = 12.1;
				MTL_ENABLE_DEBUG_INFO = INCLUDE_SOURCE;
				MTL_FAST_MATH = YES;
				ONLY_ACTIVE_ARCH = YES;
				SDKROOT = iphoneos;
				SWIFT_ACTIVE_COMPILATION_CONDITIONS = DEBUG;
				SWIFT_OPTIMIZATION_LEVEL = "-Onone";
			};
			name = Debug;
		};
		8107326B21B4859000330F9A /* Release */ = {
			isa = XCBuildConfiguration;
			buildSettings = {
				ALWAYS_SEARCH_USER_PATHS = NO;
				CLANG_ANALYZER_NONNULL = YES;
				CLANG_ANALYZER_NUMBER_OBJECT_CONVERSION = YES_AGGRESSIVE;
				CLANG_CXX_LANGUAGE_STANDARD = "gnu++14";
				CLANG_CXX_LIBRARY = "libc++";
				CLANG_ENABLE_MODULES = YES;
				CLANG_ENABLE_OBJC_ARC = YES;
				CLANG_ENABLE_OBJC_WEAK = YES;
				CLANG_WARN_BLOCK_CAPTURE_AUTORELEASING = YES;
				CLANG_WARN_BOOL_CONVERSION = YES;
				CLANG_WARN_COMMA = YES;
				CLANG_WARN_CONSTANT_CONVERSION = YES;
				CLANG_WARN_DEPRECATED_OBJC_IMPLEMENTATIONS = YES;
				CLANG_WARN_DIRECT_OBJC_ISA_USAGE = YES_ERROR;
				CLANG_WARN_DOCUMENTATION_COMMENTS = YES;
				CLANG_WARN_EMPTY_BODY = YES;
				CLANG_WARN_ENUM_CONVERSION = YES;
				CLANG_WARN_INFINITE_RECURSION = YES;
				CLANG_WARN_INT_CONVERSION = YES;
				CLANG_WARN_NON_LITERAL_NULL_CONVERSION = YES;
				CLANG_WARN_OBJC_IMPLICIT_RETAIN_SELF = YES;
				CLANG_WARN_OBJC_LITERAL_CONVERSION = YES;
				CLANG_WARN_OBJC_ROOT_CLASS = YES_ERROR;
				CLANG_WARN_RANGE_LOOP_ANALYSIS = YES;
				CLANG_WARN_STRICT_PROTOTYPES = YES;
				CLANG_WARN_SUSPICIOUS_MOVE = YES;
				CLANG_WARN_UNGUARDED_AVAILABILITY = YES_AGGRESSIVE;
				CLANG_WARN_UNREACHABLE_CODE = YES;
				CLANG_WARN__DUPLICATE_METHOD_MATCH = YES;
				CODE_SIGN_IDENTITY = "iPhone Developer";
				COPY_PHASE_STRIP = NO;
				DEBUG_INFORMATION_FORMAT = "dwarf-with-dsym";
				ENABLE_NS_ASSERTIONS = NO;
				ENABLE_STRICT_OBJC_MSGSEND = YES;
				GCC_C_LANGUAGE_STANDARD = gnu11;
				GCC_NO_COMMON_BLOCKS = YES;
				GCC_WARN_64_TO_32_BIT_CONVERSION = YES;
				GCC_WARN_ABOUT_RETURN_TYPE = YES_ERROR;
				GCC_WARN_UNDECLARED_SELECTOR = YES;
				GCC_WARN_UNINITIALIZED_AUTOS = YES_AGGRESSIVE;
				GCC_WARN_UNUSED_FUNCTION = YES;
				GCC_WARN_UNUSED_VARIABLE = YES;
				IPHONEOS_DEPLOYMENT_TARGET = 12.1;
				MTL_ENABLE_DEBUG_INFO = NO;
				MTL_FAST_MATH = YES;
				SDKROOT = iphoneos;
				SWIFT_COMPILATION_MODE = wholemodule;
				SWIFT_OPTIMIZATION_LEVEL = "-O";
				VALIDATE_PRODUCT = YES;
			};
			name = Release;
		};
		8107326D21B4859000330F9A /* Debug */ = {
			isa = XCBuildConfiguration;
			baseConfigurationReference = 986C822130C92387D1A7D0F2 /* Pods-RxSwift_sessions_intro.debug.xcconfig */;
			buildSettings = {
				ASSETCATALOG_COMPILER_APPICON_NAME = AppIcon;
				CODE_SIGN_STYLE = Automatic;
				DEVELOPMENT_TEAM = 8HF95C3RUS;
				INFOPLIST_FILE = RxSwift_sessions_intro/Info.plist;
				LD_RUNPATH_SEARCH_PATHS = (
					"$(inherited)",
					"@executable_path/Frameworks",
				);
				PRODUCT_BUNDLE_IDENTIFIER = "davidaldorf.RxSwift-sessions-intro";
				PRODUCT_NAME = "$(TARGET_NAME)";
				SWIFT_VERSION = 4.2;
				TARGETED_DEVICE_FAMILY = "1,2";
			};
			name = Debug;
		};
		8107326E21B4859000330F9A /* Release */ = {
			isa = XCBuildConfiguration;
			baseConfigurationReference = B3EC67D30F94054B5E1A4559 /* Pods-RxSwift_sessions_intro.release.xcconfig */;
			buildSettings = {
				ASSETCATALOG_COMPILER_APPICON_NAME = AppIcon;
				CODE_SIGN_STYLE = Automatic;
				DEVELOPMENT_TEAM = 8HF95C3RUS;
				INFOPLIST_FILE = RxSwift_sessions_intro/Info.plist;
				LD_RUNPATH_SEARCH_PATHS = (
					"$(inherited)",
					"@executable_path/Frameworks",
				);
				PRODUCT_BUNDLE_IDENTIFIER = "davidaldorf.RxSwift-sessions-intro";
				PRODUCT_NAME = "$(TARGET_NAME)";
				SWIFT_VERSION = 4.2;
				TARGETED_DEVICE_FAMILY = "1,2";
			};
			name = Release;
		};
/* End XCBuildConfiguration section */

/* Begin XCConfigurationList section */
		8107325521B4858E00330F9A /* Build configuration list for PBXProject "RxSwift_sessions_intro" */ = {
			isa = XCConfigurationList;
			buildConfigurations = (
				8107326A21B4859000330F9A /* Debug */,
				8107326B21B4859000330F9A /* Release */,
			);
			defaultConfigurationIsVisible = 0;
			defaultConfigurationName = Release;
		};
		8107326C21B4859000330F9A /* Build configuration list for PBXNativeTarget "RxSwift_sessions_intro" */ = {
			isa = XCConfigurationList;
			buildConfigurations = (
				8107326D21B4859000330F9A /* Debug */,
				8107326E21B4859000330F9A /* Release */,
			);
			defaultConfigurationIsVisible = 0;
			defaultConfigurationName = Release;
		};
/* End XCConfigurationList section */
	};
	rootObject = 8107325221B4858E00330F9A /* Project object */;
}
